// !$*UTF8*$!
{
	archiveVersion = 1;
	classes = {
	};
	objectVersion = 56;
	objects = {

/* Begin PBXBuildFile section */
		185C3F5B2C4F915B00FDDC39 /* LoginRuleView.swift in Sources */ = {isa = PBXBuildFile; fileRef = 185C3F5A2C4F915B00FDDC39 /* LoginRuleView.swift */; };
		185C3F5D2C4F91A100FDDC39 /* TDBridTextField.swift in Sources */ = {isa = PBXBuildFile; fileRef = 185C3F5C2C4F91A100FDDC39 /* TDBridTextField.swift */; };
		1862A6202C3BD962000ECBAE /* UserInfoDataModel.swift in Sources */ = {isa = PBXBuildFile; fileRef = 1862A61F2C3BD961000ECBAE /* UserInfoDataModel.swift */; };
		1862A6222C3BD973000ECBAE /* LoginAndRegistrationView.swift in Sources */ = {isa = PBXBuildFile; fileRef = 1862A6212C3BD973000ECBAE /* LoginAndRegistrationView.swift */; };
		1862A6252C3CDE51000ECBAE /* TodoEventDetails.swift in Sources */ = {isa = PBXBuildFile; fileRef = 1862A6242C3CDE51000ECBAE /* TodoEventDetails.swift */; };
		1862A65F2C465531000ECBAE /* SettingDataManager.swift in Sources */ = {isa = PBXBuildFile; fileRef = 1862A65E2C465531000ECBAE /* SettingDataManager.swift */; };
		1862A6652C465B85000ECBAE /* Color-Extension.swift in Sources */ = {isa = PBXBuildFile; fileRef = 1862A6642C465B85000ECBAE /* Color-Extension.swift */; };
		1862A6672C4669FA000ECBAE /* DynamicColor in Frameworks */ = {isa = PBXBuildFile; productRef = 1862A6662C4669FA000ECBAE /* DynamicColor */; };
		186B06A52C91852B0097DD97 /* Alamofire in Frameworks */ = {isa = PBXBuildFile; productRef = 186B06A42C91852B0097DD97 /* Alamofire */; };
		186B06AD2C9427450097DD97 /* HWAPI.swift in Sources */ = {isa = PBXBuildFile; fileRef = 186B06A72C9427450097DD97 /* HWAPI.swift */; };
		186B06AE2C9427450097DD97 /* HWMultipartData.swift in Sources */ = {isa = PBXBuildFile; fileRef = 186B06A82C9427450097DD97 /* HWMultipartData.swift */; };
		186B06AF2C9427450097DD97 /* HWNetworking.swift in Sources */ = {isa = PBXBuildFile; fileRef = 186B06A92C9427450097DD97 /* HWNetworking.swift */; };
		186B06B02C9427450097DD97 /* HWNetworkingError.swift in Sources */ = {isa = PBXBuildFile; fileRef = 186B06AA2C9427450097DD97 /* HWNetworkingError.swift */; };
		186B06B12C9427450097DD97 /* HWNetworkingOC.swift in Sources */ = {isa = PBXBuildFile; fileRef = 186B06AB2C9427450097DD97 /* HWNetworkingOC.swift */; };
		186B06B32C942ADE0097DD97 /* TDAPI.swift in Sources */ = {isa = PBXBuildFile; fileRef = 186B06B22C942ADE0097DD97 /* TDAPI.swift */; };
		18859B212C0877A300783F61 /* TodoMacRepertorieApp.swift in Sources */ = {isa = PBXBuildFile; fileRef = 18859B202C0877A300783F61 /* TodoMacRepertorieApp.swift */; };
		18859B232C0877A300783F61 /* ContentView.swift in Sources */ = {isa = PBXBuildFile; fileRef = 18859B222C0877A300783F61 /* ContentView.swift */; };
		18859B252C0877A300783F61 /* Item.swift in Sources */ = {isa = PBXBuildFile; fileRef = 18859B242C0877A300783F61 /* Item.swift */; };
		18859B272C0877A600783F61 /* Assets.xcassets in Resources */ = {isa = PBXBuildFile; fileRef = 18859B262C0877A600783F61 /* Assets.xcassets */; };
		18859B2A2C0877A600783F61 /* Preview Assets.xcassets in Resources */ = {isa = PBXBuildFile; fileRef = 18859B292C0877A600783F61 /* Preview Assets.xcassets */; };
		18859B352C0877A700783F61 /* TodoMacRepertorieTests.swift in Sources */ = {isa = PBXBuildFile; fileRef = 18859B342C0877A700783F61 /* TodoMacRepertorieTests.swift */; };
		18859B3F2C0877A700783F61 /* TodoMacRepertorieUITests.swift in Sources */ = {isa = PBXBuildFile; fileRef = 18859B3E2C0877A700783F61 /* TodoMacRepertorieUITests.swift */; };
		18859B412C0877A700783F61 /* TodoMacRepertorieUITestsLaunchTests.swift in Sources */ = {isa = PBXBuildFile; fileRef = 18859B402C0877A700783F61 /* TodoMacRepertorieUITestsLaunchTests.swift */; };
/* End PBXBuildFile section */

/* Begin PBXContainerItemProxy section */
		18859B312C0877A700783F61 /* PBXContainerItemProxy */ = {
			isa = PBXContainerItemProxy;
			containerPortal = 18859B152C0877A300783F61 /* Project object */;
			proxyType = 1;
			remoteGlobalIDString = 18859B1C2C0877A300783F61;
			remoteInfo = TodoMacRepertorie;
		};
		18859B3B2C0877A700783F61 /* PBXContainerItemProxy */ = {
			isa = PBXContainerItemProxy;
			containerPortal = 18859B152C0877A300783F61 /* Project object */;
			proxyType = 1;
			remoteGlobalIDString = 18859B1C2C0877A300783F61;
			remoteInfo = TodoMacRepertorie;
		};
/* End PBXContainerItemProxy section */

/* Begin PBXFileReference section */
		185C3F5A2C4F915B00FDDC39 /* LoginRuleView.swift */ = {isa = PBXFileReference; lastKnownFileType = sourcecode.swift; path = LoginRuleView.swift; sourceTree = "<group>"; };
		185C3F5C2C4F91A100FDDC39 /* TDBridTextField.swift */ = {isa = PBXFileReference; lastKnownFileType = sourcecode.swift; path = TDBridTextField.swift; sourceTree = "<group>"; };
		1862A61F2C3BD961000ECBAE /* UserInfoDataModel.swift */ = {isa = PBXFileReference; lastKnownFileType = sourcecode.swift; path = UserInfoDataModel.swift; sourceTree = "<group>"; };
		1862A6212C3BD973000ECBAE /* LoginAndRegistrationView.swift */ = {isa = PBXFileReference; lastKnownFileType = sourcecode.swift; path = LoginAndRegistrationView.swift; sourceTree = "<group>"; };
		1862A6242C3CDE51000ECBAE /* TodoEventDetails.swift */ = {isa = PBXFileReference; lastKnownFileType = sourcecode.swift; path = TodoEventDetails.swift; sourceTree = "<group>"; };
		1862A65E2C465531000ECBAE /* SettingDataManager.swift */ = {isa = PBXFileReference; lastKnownFileType = sourcecode.swift; path = SettingDataManager.swift; sourceTree = "<group>"; };
		1862A6642C465B85000ECBAE /* Color-Extension.swift */ = {isa = PBXFileReference; lastKnownFileType = sourcecode.swift; path = "Color-Extension.swift"; sourceTree = "<group>"; };
		186B06A72C9427450097DD97 /* HWAPI.swift */ = {isa = PBXFileReference; fileEncoding = 4; lastKnownFileType = sourcecode.swift; path = HWAPI.swift; sourceTree = "<group>"; };
		186B06A82C9427450097DD97 /* HWMultipartData.swift */ = {isa = PBXFileReference; fileEncoding = 4; lastKnownFileType = sourcecode.swift; path = HWMultipartData.swift; sourceTree = "<group>"; };
		186B06A92C9427450097DD97 /* HWNetworking.swift */ = {isa = PBXFileReference; fileEncoding = 4; lastKnownFileType = sourcecode.swift; path = HWNetworking.swift; sourceTree = "<group>"; };
		186B06AA2C9427450097DD97 /* HWNetworkingError.swift */ = {isa = PBXFileReference; fileEncoding = 4; lastKnownFileType = sourcecode.swift; path = HWNetworkingError.swift; sourceTree = "<group>"; };
		186B06AB2C9427450097DD97 /* HWNetworkingOC.swift */ = {isa = PBXFileReference; fileEncoding = 4; lastKnownFileType = sourcecode.swift; path = HWNetworkingOC.swift; sourceTree = "<group>"; };
		186B06B22C942ADE0097DD97 /* TDAPI.swift */ = {isa = PBXFileReference; lastKnownFileType = sourcecode.swift; path = TDAPI.swift; sourceTree = "<group>"; };
		18859B1D2C0877A300783F61 /* TodoMacRepertorie.app */ = {isa = PBXFileReference; explicitFileType = wrapper.application; includeInIndex = 0; path = TodoMacRepertorie.app; sourceTree = BUILT_PRODUCTS_DIR; };
		18859B202C0877A300783F61 /* TodoMacRepertorieApp.swift */ = {isa = PBXFileReference; lastKnownFileType = sourcecode.swift; path = TodoMacRepertorieApp.swift; sourceTree = "<group>"; };
		18859B222C0877A300783F61 /* ContentView.swift */ = {isa = PBXFileReference; lastKnownFileType = sourcecode.swift; path = ContentView.swift; sourceTree = "<group>"; };
		18859B242C0877A300783F61 /* Item.swift */ = {isa = PBXFileReference; lastKnownFileType = sourcecode.swift; path = Item.swift; sourceTree = "<group>"; };
		18859B262C0877A600783F61 /* Assets.xcassets */ = {isa = PBXFileReference; lastKnownFileType = folder.assetcatalog; path = Assets.xcassets; sourceTree = "<group>"; };
		18859B292C0877A600783F61 /* Preview Assets.xcassets */ = {isa = PBXFileReference; lastKnownFileType = folder.assetcatalog; path = "Preview Assets.xcassets"; sourceTree = "<group>"; };
		18859B2B2C0877A600783F61 /* TodoMacRepertorie.entitlements */ = {isa = PBXFileReference; lastKnownFileType = text.plist.entitlements; path = TodoMacRepertorie.entitlements; sourceTree = "<group>"; };
		18859B302C0877A700783F61 /* TodoMacRepertorieTests.xctest */ = {isa = PBXFileReference; explicitFileType = wrapper.cfbundle; includeInIndex = 0; path = TodoMacRepertorieTests.xctest; sourceTree = BUILT_PRODUCTS_DIR; };
		18859B342C0877A700783F61 /* TodoMacRepertorieTests.swift */ = {isa = PBXFileReference; lastKnownFileType = sourcecode.swift; path = TodoMacRepertorieTests.swift; sourceTree = "<group>"; };
		18859B3A2C0877A700783F61 /* TodoMacRepertorieUITests.xctest */ = {isa = PBXFileReference; explicitFileType = wrapper.cfbundle; includeInIndex = 0; path = TodoMacRepertorieUITests.xctest; sourceTree = BUILT_PRODUCTS_DIR; };
		18859B3E2C0877A700783F61 /* TodoMacRepertorieUITests.swift */ = {isa = PBXFileReference; lastKnownFileType = sourcecode.swift; path = TodoMacRepertorieUITests.swift; sourceTree = "<group>"; };
		18859B402C0877A700783F61 /* TodoMacRepertorieUITestsLaunchTests.swift */ = {isa = PBXFileReference; lastKnownFileType = sourcecode.swift; path = TodoMacRepertorieUITestsLaunchTests.swift; sourceTree = "<group>"; };
/* End PBXFileReference section */

/* Begin PBXFrameworksBuildPhase section */
		18859B1A2C0877A300783F61 /* Frameworks */ = {
			isa = PBXFrameworksBuildPhase;
			buildActionMask = 2147483647;
			files = (
				1862A6672C4669FA000ECBAE /* DynamicColor in Frameworks */,
				186B06A52C91852B0097DD97 /* Alamofire in Frameworks */,
			);
			runOnlyForDeploymentPostprocessing = 0;
		};
		18859B2D2C0877A700783F61 /* Frameworks */ = {
			isa = PBXFrameworksBuildPhase;
			buildActionMask = 2147483647;
			files = (
			);
			runOnlyForDeploymentPostprocessing = 0;
		};
		18859B372C0877A700783F61 /* Frameworks */ = {
			isa = PBXFrameworksBuildPhase;
			buildActionMask = 2147483647;
			files = (
			);
			runOnlyForDeploymentPostprocessing = 0;
		};
/* End PBXFrameworksBuildPhase section */

/* Begin PBXGroup section */
		1862A61A2C3BD8F7000ECBAE /* LoginAndRegistration(登录注册) */ = {
			isa = PBXGroup;
			children = (
				1862A61F2C3BD961000ECBAE /* UserInfoDataModel.swift */,
				1862A6212C3BD973000ECBAE /* LoginAndRegistrationView.swift */,
				185C3F5A2C4F915B00FDDC39 /* LoginRuleView.swift */,
				185C3F5C2C4F91A100FDDC39 /* TDBridTextField.swift */,
			);
			path = "LoginAndRegistration(登录注册)";
			sourceTree = "<group>";
		};
		1862A6232C3CDC5D000ECBAE /* 最右边事件信息 */ = {
			isa = PBXGroup;
			children = (
				1862A6242C3CDE51000ECBAE /* TodoEventDetails.swift */,
			);
			path = "最右边事件信息";
			sourceTree = "<group>";
		};
		1862A65D2C4654A3000ECBAE /* Setting(设置) */ = {
			isa = PBXGroup;
			children = (
				1862A65E2C465531000ECBAE /* SettingDataManager.swift */,
			);
			path = "Setting(设置)";
			sourceTree = "<group>";
		};
		1862A6602C465818000ECBAE /* 类的扩展 */ = {
			isa = PBXGroup;
			children = (
				1862A6642C465B85000ECBAE /* Color-Extension.swift */,
			);
			path = "类的扩展";
			sourceTree = "<group>";
		};
		186B06A62C92DD490097DD97 /* TDRequestTool(网络请求) */ = {
			isa = PBXGroup;
			children = (
				186B06AC2C9427450097DD97 /* HWNetworking */,
			);
			path = "TDRequestTool(网络请求)";
			sourceTree = "<group>";
		};
		186B06AC2C9427450097DD97 /* HWNetworking */ = {
			isa = PBXGroup;
			children = (
				186B06A72C9427450097DD97 /* HWAPI.swift */,
				186B06A82C9427450097DD97 /* HWMultipartData.swift */,
				186B06A92C9427450097DD97 /* HWNetworking.swift */,
				186B06AA2C9427450097DD97 /* HWNetworkingError.swift */,
				186B06AB2C9427450097DD97 /* HWNetworkingOC.swift */,
				186B06B22C942ADE0097DD97 /* TDAPI.swift */,
			);
			path = HWNetworking;
			sourceTree = "<group>";
		};
		18859B142C0877A300783F61 = {
			isa = PBXGroup;
			children = (
				18859B1F2C0877A300783F61 /* TodoMacRepertorie */,
				18859B332C0877A700783F61 /* TodoMacRepertorieTests */,
				18859B3D2C0877A700783F61 /* TodoMacRepertorieUITests */,
				18859B1E2C0877A300783F61 /* Products */,
			);
			sourceTree = "<group>";
		};
		18859B1E2C0877A300783F61 /* Products */ = {
			isa = PBXGroup;
			children = (
				18859B1D2C0877A300783F61 /* TodoMacRepertorie.app */,
				18859B302C0877A700783F61 /* TodoMacRepertorieTests.xctest */,
				18859B3A2C0877A700783F61 /* TodoMacRepertorieUITests.xctest */,
			);
			name = Products;
			sourceTree = "<group>";
		};
		18859B1F2C0877A300783F61 /* TodoMacRepertorie */ = {
			isa = PBXGroup;
			children = (
				18859B202C0877A300783F61 /* TodoMacRepertorieApp.swift */,
				18859B222C0877A300783F61 /* ContentView.swift */,
				18859B242C0877A300783F61 /* Item.swift */,
				186B06A62C92DD490097DD97 /* TDRequestTool(网络请求) */,
				1862A61A2C3BD8F7000ECBAE /* LoginAndRegistration(登录注册) */,
				1862A6232C3CDC5D000ECBAE /* 最右边事件信息 */,
				1862A65D2C4654A3000ECBAE /* Setting(设置) */,
				18859B262C0877A600783F61 /* Assets.xcassets */,
				1862A6602C465818000ECBAE /* 类的扩展 */,
				18859B2B2C0877A600783F61 /* TodoMacRepertorie.entitlements */,
				18859B282C0877A600783F61 /* Preview Content */,
			);
			path = TodoMacRepertorie;
			sourceTree = "<group>";
		};
		18859B282C0877A600783F61 /* Preview Content */ = {
			isa = PBXGroup;
			children = (
				18859B292C0877A600783F61 /* Preview Assets.xcassets */,
			);
			path = "Preview Content";
			sourceTree = "<group>";
		};
		18859B332C0877A700783F61 /* TodoMacRepertorieTests */ = {
			isa = PBXGroup;
			children = (
				18859B342C0877A700783F61 /* TodoMacRepertorieTests.swift */,
			);
			path = TodoMacRepertorieTests;
			sourceTree = "<group>";
		};
		18859B3D2C0877A700783F61 /* TodoMacRepertorieUITests */ = {
			isa = PBXGroup;
			children = (
				18859B3E2C0877A700783F61 /* TodoMacRepertorieUITests.swift */,
				18859B402C0877A700783F61 /* TodoMacRepertorieUITestsLaunchTests.swift */,
			);
			path = TodoMacRepertorieUITests;
			sourceTree = "<group>";
		};
/* End PBXGroup section */

/* Begin PBXNativeTarget section */
		18859B1C2C0877A300783F61 /* TodoMacRepertorie */ = {
			isa = PBXNativeTarget;
			buildConfigurationList = 18859B442C0877A700783F61 /* Build configuration list for PBXNativeTarget "TodoMacRepertorie" */;
			buildPhases = (
				18859B192C0877A300783F61 /* Sources */,
				18859B1A2C0877A300783F61 /* Frameworks */,
				18859B1B2C0877A300783F61 /* Resources */,
			);
			buildRules = (
			);
			dependencies = (
			);
			name = TodoMacRepertorie;
			packageProductDependencies = (
				1862A6662C4669FA000ECBAE /* DynamicColor */,
				186B06A42C91852B0097DD97 /* Alamofire */,
			);
			productName = TodoMacRepertorie;
			productReference = 18859B1D2C0877A300783F61 /* TodoMacRepertorie.app */;
			productType = "com.apple.product-type.application";
		};
		18859B2F2C0877A700783F61 /* TodoMacRepertorieTests */ = {
			isa = PBXNativeTarget;
			buildConfigurationList = 18859B472C0877A700783F61 /* Build configuration list for PBXNativeTarget "TodoMacRepertorieTests" */;
			buildPhases = (
				18859B2C2C0877A700783F61 /* Sources */,
				18859B2D2C0877A700783F61 /* Frameworks */,
				18859B2E2C0877A700783F61 /* Resources */,
			);
			buildRules = (
			);
			dependencies = (
				18859B322C0877A700783F61 /* PBXTargetDependency */,
			);
			name = TodoMacRepertorieTests;
			productName = TodoMacRepertorieTests;
			productReference = 18859B302C0877A700783F61 /* TodoMacRepertorieTests.xctest */;
			productType = "com.apple.product-type.bundle.unit-test";
		};
		18859B392C0877A700783F61 /* TodoMacRepertorieUITests */ = {
			isa = PBXNativeTarget;
			buildConfigurationList = 18859B4A2C0877A700783F61 /* Build configuration list for PBXNativeTarget "TodoMacRepertorieUITests" */;
			buildPhases = (
				18859B362C0877A700783F61 /* Sources */,
				18859B372C0877A700783F61 /* Frameworks */,
				18859B382C0877A700783F61 /* Resources */,
			);
			buildRules = (
			);
			dependencies = (
				18859B3C2C0877A700783F61 /* PBXTargetDependency */,
			);
			name = TodoMacRepertorieUITests;
			productName = TodoMacRepertorieUITests;
			productReference = 18859B3A2C0877A700783F61 /* TodoMacRepertorieUITests.xctest */;
			productType = "com.apple.product-type.bundle.ui-testing";
		};
/* End PBXNativeTarget section */

/* Begin PBXProject section */
		18859B152C0877A300783F61 /* Project object */ = {
			isa = PBXProject;
			attributes = {
				BuildIndependentTargetsInParallel = 1;
				LastSwiftUpdateCheck = 1540;
				LastUpgradeCheck = 1540;
				TargetAttributes = {
					18859B1C2C0877A300783F61 = {
						CreatedOnToolsVersion = 15.4;
					};
					18859B2F2C0877A700783F61 = {
						CreatedOnToolsVersion = 15.4;
						TestTargetID = 18859B1C2C0877A300783F61;
					};
					18859B392C0877A700783F61 = {
						CreatedOnToolsVersion = 15.4;
						TestTargetID = 18859B1C2C0877A300783F61;
					};
				};
			};
			buildConfigurationList = 18859B182C0877A300783F61 /* Build configuration list for PBXProject "TodoMacRepertorie" */;
			compatibilityVersion = "Xcode 14.0";
			developmentRegion = en;
			hasScannedForEncodings = 0;
			knownRegions = (
				en,
				Base,
			);
			mainGroup = 18859B142C0877A300783F61;
			packageReferences = (
				1862A6612C465A8E000ECBAE /* XCRemoteSwiftPackageReference "DynamicColor" */,
				186B06A32C91852B0097DD97 /* XCRemoteSwiftPackageReference "Alamofire" */,
			);
			productRefGroup = 18859B1E2C0877A300783F61 /* Products */;
			projectDirPath = "";
			projectRoot = "";
			targets = (
				18859B1C2C0877A300783F61 /* TodoMacRepertorie */,
				18859B2F2C0877A700783F61 /* TodoMacRepertorieTests */,
				18859B392C0877A700783F61 /* TodoMacRepertorieUITests */,
			);
		};
/* End PBXProject section */

/* Begin PBXResourcesBuildPhase section */
		18859B1B2C0877A300783F61 /* Resources */ = {
			isa = PBXResourcesBuildPhase;
			buildActionMask = 2147483647;
			files = (
				18859B2A2C0877A600783F61 /* Preview Assets.xcassets in Resources */,
				18859B272C0877A600783F61 /* Assets.xcassets in Resources */,
			);
			runOnlyForDeploymentPostprocessing = 0;
		};
		18859B2E2C0877A700783F61 /* Resources */ = {
			isa = PBXResourcesBuildPhase;
			buildActionMask = 2147483647;
			files = (
			);
			runOnlyForDeploymentPostprocessing = 0;
		};
		18859B382C0877A700783F61 /* Resources */ = {
			isa = PBXResourcesBuildPhase;
			buildActionMask = 2147483647;
			files = (
			);
			runOnlyForDeploymentPostprocessing = 0;
		};
/* End PBXResourcesBuildPhase section */

/* Begin PBXSourcesBuildPhase section */
		18859B192C0877A300783F61 /* Sources */ = {
			isa = PBXSourcesBuildPhase;
			buildActionMask = 2147483647;
			files = (
				18859B232C0877A300783F61 /* ContentView.swift in Sources */,
				1862A6652C465B85000ECBAE /* Color-Extension.swift in Sources */,
				185C3F5B2C4F915B00FDDC39 /* LoginRuleView.swift in Sources */,
				186B06AE2C9427450097DD97 /* HWMultipartData.swift in Sources */,
				186B06AF2C9427450097DD97 /* HWNetworking.swift in Sources */,
				186B06B12C9427450097DD97 /* HWNetworkingOC.swift in Sources */,
				186B06B02C9427450097DD97 /* HWNetworkingError.swift in Sources */,
				18859B252C0877A300783F61 /* Item.swift in Sources */,
				186B06B32C942ADE0097DD97 /* TDAPI.swift in Sources */,
				185C3F5D2C4F91A100FDDC39 /* TDBridTextField.swift in Sources */,
				1862A65F2C465531000ECBAE /* SettingDataManager.swift in Sources */,
				18859B212C0877A300783F61 /* TodoMacRepertorieApp.swift in Sources */,
				1862A6252C3CDE51000ECBAE /* TodoEventDetails.swift in Sources */,
				1862A6222C3BD973000ECBAE /* LoginAndRegistrationView.swift in Sources */,
				1862A6202C3BD962000ECBAE /* UserInfoDataModel.swift in Sources */,
				186B06AD2C9427450097DD97 /* HWAPI.swift in Sources */,
			);
			runOnlyForDeploymentPostprocessing = 0;
		};
		18859B2C2C0877A700783F61 /* Sources */ = {
			isa = PBXSourcesBuildPhase;
			buildActionMask = 2147483647;
			files = (
				18859B352C0877A700783F61 /* TodoMacRepertorieTests.swift in Sources */,
			);
			runOnlyForDeploymentPostprocessing = 0;
		};
		18859B362C0877A700783F61 /* Sources */ = {
			isa = PBXSourcesBuildPhase;
			buildActionMask = 2147483647;
			files = (
				18859B3F2C0877A700783F61 /* TodoMacRepertorieUITests.swift in Sources */,
				18859B412C0877A700783F61 /* TodoMacRepertorieUITestsLaunchTests.swift in Sources */,
			);
			runOnlyForDeploymentPostprocessing = 0;
		};
/* End PBXSourcesBuildPhase section */

/* Begin PBXTargetDependency section */
		18859B322C0877A700783F61 /* PBXTargetDependency */ = {
			isa = PBXTargetDependency;
			target = 18859B1C2C0877A300783F61 /* TodoMacRepertorie */;
			targetProxy = 18859B312C0877A700783F61 /* PBXContainerItemProxy */;
		};
		18859B3C2C0877A700783F61 /* PBXTargetDependency */ = {
			isa = PBXTargetDependency;
			target = 18859B1C2C0877A300783F61 /* TodoMacRepertorie */;
			targetProxy = 18859B3B2C0877A700783F61 /* PBXContainerItemProxy */;
		};
/* End PBXTargetDependency section */

/* Begin XCBuildConfiguration section */
		18859B422C0877A700783F61 /* Debug */ = {
			isa = XCBuildConfiguration;
			buildSettings = {
				ALWAYS_SEARCH_USER_PATHS = NO;
				ASSETCATALOG_COMPILER_GENERATE_SWIFT_ASSET_SYMBOL_EXTENSIONS = YES;
				CLANG_ANALYZER_NONNULL = YES;
				CLANG_ANALYZER_NUMBER_OBJECT_CONVERSION = YES_AGGRESSIVE;
				CLANG_CXX_LANGUAGE_STANDARD = "gnu++20";
				CLANG_ENABLE_MODULES = YES;
				CLANG_ENABLE_OBJC_ARC = YES;
				CLANG_ENABLE_OBJC_WEAK = YES;
				CLANG_WARN_BLOCK_CAPTURE_AUTORELEASING = YES;
				CLANG_WARN_BOOL_CONVERSION = YES;
				CLANG_WARN_COMMA = YES;
				CLANG_WARN_CONSTANT_CONVERSION = YES;
				CLANG_WARN_DEPRECATED_OBJC_IMPLEMENTATIONS = YES;
				CLANG_WARN_DIRECT_OBJC_ISA_USAGE = YES_ERROR;
				CLANG_WARN_DOCUMENTATION_COMMENTS = YES;
				CLANG_WARN_EMPTY_BODY = YES;
				CLANG_WARN_ENUM_CONVERSION = YES;
				CLANG_WARN_INFINITE_RECURSION = YES;
				CLANG_WARN_INT_CONVERSION = YES;
				CLANG_WARN_NON_LITERAL_NULL_CONVERSION = YES;
				CLANG_WARN_OBJC_IMPLICIT_RETAIN_SELF = YES;
				CLANG_WARN_OBJC_LITERAL_CONVERSION = YES;
				CLANG_WARN_OBJC_ROOT_CLASS = YES_ERROR;
				CLANG_WARN_QUOTED_INCLUDE_IN_FRAMEWORK_HEADER = YES;
				CLANG_WARN_RANGE_LOOP_ANALYSIS = YES;
				CLANG_WARN_STRICT_PROTOTYPES = YES;
				CLANG_WARN_SUSPICIOUS_MOVE = YES;
				CLANG_WARN_UNGUARDED_AVAILABILITY = YES_AGGRESSIVE;
				CLANG_WARN_UNREACHABLE_CODE = YES;
				CLANG_WARN__DUPLICATE_METHOD_MATCH = YES;
				COPY_PHASE_STRIP = NO;
				DEBUG_INFORMATION_FORMAT = dwarf;
				ENABLE_STRICT_OBJC_MSGSEND = YES;
				ENABLE_TESTABILITY = YES;
				ENABLE_USER_SCRIPT_SANDBOXING = YES;
				GCC_C_LANGUAGE_STANDARD = gnu17;
				GCC_DYNAMIC_NO_PIC = NO;
				GCC_NO_COMMON_BLOCKS = YES;
				GCC_OPTIMIZATION_LEVEL = 0;
				GCC_PREPROCESSOR_DEFINITIONS = (
					"DEBUG=1",
					"$(inherited)",
				);
				GCC_WARN_64_TO_32_BIT_CONVERSION = YES;
				GCC_WARN_ABOUT_RETURN_TYPE = YES_ERROR;
				GCC_WARN_UNDECLARED_SELECTOR = YES;
				GCC_WARN_UNINITIALIZED_AUTOS = YES_AGGRESSIVE;
				GCC_WARN_UNUSED_FUNCTION = YES;
				GCC_WARN_UNUSED_VARIABLE = YES;
				LOCALIZATION_PREFERS_STRING_CATALOGS = YES;
				MACOSX_DEPLOYMENT_TARGET = 14.5;
				MTL_ENABLE_DEBUG_INFO = INCLUDE_SOURCE;
				MTL_FAST_MATH = YES;
				ONLY_ACTIVE_ARCH = YES;
				SDKROOT = macosx;
				SWIFT_ACTIVE_COMPILATION_CONDITIONS = "DEBUG $(inherited)";
				SWIFT_OPTIMIZATION_LEVEL = "-Onone";
			};
			name = Debug;
		};
		18859B432C0877A700783F61 /* Release */ = {
			isa = XCBuildConfiguration;
			buildSettings = {
				ALWAYS_SEARCH_USER_PATHS = NO;
				ASSETCATALOG_COMPILER_GENERATE_SWIFT_ASSET_SYMBOL_EXTENSIONS = YES;
				CLANG_ANALYZER_NONNULL = YES;
				CLANG_ANALYZER_NUMBER_OBJECT_CONVERSION = YES_AGGRESSIVE;
				CLANG_CXX_LANGUAGE_STANDARD = "gnu++20";
				CLANG_ENABLE_MODULES = YES;
				CLANG_ENABLE_OBJC_ARC = YES;
				CLANG_ENABLE_OBJC_WEAK = YES;
				CLANG_WARN_BLOCK_CAPTURE_AUTORELEASING = YES;
				CLANG_WARN_BOOL_CONVERSION = YES;
				CLANG_WARN_COMMA = YES;
				CLANG_WARN_CONSTANT_CONVERSION = YES;
				CLANG_WARN_DEPRECATED_OBJC_IMPLEMENTATIONS = YES;
				CLANG_WARN_DIRECT_OBJC_ISA_USAGE = YES_ERROR;
				CLANG_WARN_DOCUMENTATION_COMMENTS = YES;
				CLANG_WARN_EMPTY_BODY = YES;
				CLANG_WARN_ENUM_CONVERSION = YES;
				CLANG_WARN_INFINITE_RECURSION = YES;
				CLANG_WARN_INT_CONVERSION = YES;
				CLANG_WARN_NON_LITERAL_NULL_CONVERSION = YES;
				CLANG_WARN_OBJC_IMPLICIT_RETAIN_SELF = YES;
				CLANG_WARN_OBJC_LITERAL_CONVERSION = YES;
				CLANG_WARN_OBJC_ROOT_CLASS = YES_ERROR;
				CLANG_WARN_QUOTED_INCLUDE_IN_FRAMEWORK_HEADER = YES;
				CLANG_WARN_RANGE_LOOP_ANALYSIS = YES;
				CLANG_WARN_STRICT_PROTOTYPES = YES;
				CLANG_WARN_SUSPICIOUS_MOVE = YES;
				CLANG_WARN_UNGUARDED_AVAILABILITY = YES_AGGRESSIVE;
				CLANG_WARN_UNREACHABLE_CODE = YES;
				CLANG_WARN__DUPLICATE_METHOD_MATCH = YES;
				COPY_PHASE_STRIP = NO;
				DEBUG_INFORMATION_FORMAT = "dwarf-with-dsym";
				ENABLE_NS_ASSERTIONS = NO;
				ENABLE_STRICT_OBJC_MSGSEND = YES;
				ENABLE_USER_SCRIPT_SANDBOXING = YES;
				GCC_C_LANGUAGE_STANDARD = gnu17;
				GCC_NO_COMMON_BLOCKS = YES;
				GCC_WARN_64_TO_32_BIT_CONVERSION = YES;
				GCC_WARN_ABOUT_RETURN_TYPE = YES_ERROR;
				GCC_WARN_UNDECLARED_SELECTOR = YES;
				GCC_WARN_UNINITIALIZED_AUTOS = YES_AGGRESSIVE;
				GCC_WARN_UNUSED_FUNCTION = YES;
				GCC_WARN_UNUSED_VARIABLE = YES;
				LOCALIZATION_PREFERS_STRING_CATALOGS = YES;
				MACOSX_DEPLOYMENT_TARGET = 14.5;
				MTL_ENABLE_DEBUG_INFO = NO;
				MTL_FAST_MATH = YES;
				SDKROOT = macosx;
				SWIFT_COMPILATION_MODE = wholemodule;
			};
			name = Release;
		};
		18859B452C0877A700783F61 /* Debug */ = {
			isa = XCBuildConfiguration;
			buildSettings = {
				ASSETCATALOG_COMPILER_APPICON_NAME = AppIcon;
				ASSETCATALOG_COMPILER_GLOBAL_ACCENT_COLOR_NAME = AccentColor;
				CODE_SIGN_ENTITLEMENTS = TodoMacRepertorie/TodoMacRepertorie.entitlements;
				CODE_SIGN_STYLE = Automatic;
				COMBINE_HIDPI_IMAGES = YES;
				CURRENT_PROJECT_VERSION = 7;
				DEVELOPMENT_ASSET_PATHS = "\"TodoMacRepertorie/Preview Content\"";
				DEVELOPMENT_TEAM = ARQ4QZ8Q3D;
				ENABLE_HARDENED_RUNTIME = YES;
				ENABLE_PREVIEWS = YES;
				GENERATE_INFOPLIST_FILE = YES;
				INFOPLIST_KEY_NSHumanReadableCopyright = "";
				LD_RUNPATH_SEARCH_PATHS = (
					"$(inherited)",
					"@executable_path/../Frameworks",
				);
				MACOSX_DEPLOYMENT_TARGET = 14.0;
				MARKETING_VERSION = 1.5;
				PRODUCT_BUNDLE_IDENTIFIER = com.Mac.Todolist.TodoMacRepertorie;
				PRODUCT_NAME = "$(TARGET_NAME)";
				SWIFT_EMIT_LOC_STRINGS = YES;
				SWIFT_VERSION = 5.0;
			};
			name = Debug;
		};
		18859B462C0877A700783F61 /* Release */ = {
			isa = XCBuildConfiguration;
			buildSettings = {
				ASSETCATALOG_COMPILER_APPICON_NAME = AppIcon;
				ASSETCATALOG_COMPILER_GLOBAL_ACCENT_COLOR_NAME = AccentColor;
				CODE_SIGN_ENTITLEMENTS = TodoMacRepertorie/TodoMacRepertorie.entitlements;
				CODE_SIGN_STYLE = Automatic;
				COMBINE_HIDPI_IMAGES = YES;
				CURRENT_PROJECT_VERSION = 7;
				DEVELOPMENT_ASSET_PATHS = "\"TodoMacRepertorie/Preview Content\"";
				DEVELOPMENT_TEAM = ARQ4QZ8Q3D;
				ENABLE_HARDENED_RUNTIME = YES;
				ENABLE_PREVIEWS = YES;
				GENERATE_INFOPLIST_FILE = YES;
				INFOPLIST_KEY_NSHumanReadableCopyright = "";
				LD_RUNPATH_SEARCH_PATHS = (
					"$(inherited)",
					"@executable_path/../Frameworks",
				);
				MACOSX_DEPLOYMENT_TARGET = 14.0;
				MARKETING_VERSION = 1.5;
				PRODUCT_BUNDLE_IDENTIFIER = com.Mac.Todolist.TodoMacRepertorie;
				PRODUCT_NAME = "$(TARGET_NAME)";
				SWIFT_EMIT_LOC_STRINGS = YES;
				SWIFT_VERSION = 5.0;
			};
			name = Release;
		};
		18859B482C0877A700783F61 /* Debug */ = {
			isa = XCBuildConfiguration;
			buildSettings = {
				ALWAYS_EMBED_SWIFT_STANDARD_LIBRARIES = YES;
				BUNDLE_LOADER = "$(TEST_HOST)";
				CODE_SIGN_STYLE = Automatic;
				CURRENT_PROJECT_VERSION = 1;
				DEVELOPMENT_TEAM = ARQ4QZ8Q3D;
				GENERATE_INFOPLIST_FILE = YES;
				MACOSX_DEPLOYMENT_TARGET = 14.0;
				MARKETING_VERSION = 1.0;
				PRODUCT_BUNDLE_IDENTIFIER = com.Mac.Todolist.TodoMacRepertorieTests;
				PRODUCT_NAME = "$(TARGET_NAME)";
				SWIFT_EMIT_LOC_STRINGS = NO;
				SWIFT_VERSION = 5.0;
				TEST_HOST = "$(BUILT_PRODUCTS_DIR)/TodoMacRepertorie.app/$(BUNDLE_EXECUTABLE_FOLDER_PATH)/TodoMacRepertorie";
			};
			name = Debug;
		};
		18859B492C0877A700783F61 /* Release */ = {
			isa = XCBuildConfiguration;
			buildSettings = {
				ALWAYS_EMBED_SWIFT_STANDARD_LIBRARIES = YES;
				BUNDLE_LOADER = "$(TEST_HOST)";
				CODE_SIGN_STYLE = Automatic;
				CURRENT_PROJECT_VERSION = 1;
				DEVELOPMENT_TEAM = ARQ4QZ8Q3D;
				GENERATE_INFOPLIST_FILE = YES;
				MACOSX_DEPLOYMENT_TARGET = 14.0;
				MARKETING_VERSION = 1.0;
				PRODUCT_BUNDLE_IDENTIFIER = com.Mac.Todolist.TodoMacRepertorieTests;
				PRODUCT_NAME = "$(TARGET_NAME)";
				SWIFT_EMIT_LOC_STRINGS = NO;
				SWIFT_VERSION = 5.0;
				TEST_HOST = "$(BUILT_PRODUCTS_DIR)/TodoMacRepertorie.app/$(BUNDLE_EXECUTABLE_FOLDER_PATH)/TodoMacRepertorie";
			};
			name = Release;
		};
		18859B4B2C0877A700783F61 /* Debug */ = {
			isa = XCBuildConfiguration;
			buildSettings = {
				ALWAYS_EMBED_SWIFT_STANDARD_LIBRARIES = YES;
				CODE_SIGN_STYLE = Automatic;
				CURRENT_PROJECT_VERSION = 1;
				DEVELOPMENT_TEAM = ARQ4QZ8Q3D;
				GENERATE_INFOPLIST_FILE = YES;
				MARKETING_VERSION = 1.0;
				PRODUCT_BUNDLE_IDENTIFIER = com.Mac.Todolist.TodoMacRepertorieUITests;
				PRODUCT_NAME = "$(TARGET_NAME)";
				SWIFT_EMIT_LOC_STRINGS = NO;
				SWIFT_VERSION = 5.0;
				TEST_TARGET_NAME = TodoMacRepertorie;
			};
			name = Debug;
		};
		18859B4C2C0877A700783F61 /* Release */ = {
			isa = XCBuildConfiguration;
			buildSettings = {
				ALWAYS_EMBED_SWIFT_STANDARD_LIBRARIES = YES;
				CODE_SIGN_STYLE = Automatic;
				CURRENT_PROJECT_VERSION = 1;
				DEVELOPMENT_TEAM = ARQ4QZ8Q3D;
				GENERATE_INFOPLIST_FILE = YES;
				MARKETING_VERSION = 1.0;
				PRODUCT_BUNDLE_IDENTIFIER = com.Mac.Todolist.TodoMacRepertorieUITests;
				PRODUCT_NAME = "$(TARGET_NAME)";
				SWIFT_EMIT_LOC_STRINGS = NO;
				SWIFT_VERSION = 5.0;
				TEST_TARGET_NAME = TodoMacRepertorie;
			};
			name = Release;
		};
/* End XCBuildConfiguration section */

/* Begin XCConfigurationList section */
		18859B182C0877A300783F61 /* Build configuration list for PBXProject "TodoMacRepertorie" */ = {
			isa = XCConfigurationList;
			buildConfigurations = (
				18859B422C0877A700783F61 /* Debug */,
				18859B432C0877A700783F61 /* Release */,
			);
			defaultConfigurationIsVisible = 0;
			defaultConfigurationName = Release;
		};
		18859B442C0877A700783F61 /* Build configuration list for PBXNativeTarget "TodoMacRepertorie" */ = {
			isa = XCConfigurationList;
			buildConfigurations = (
				18859B452C0877A700783F61 /* Debug */,
				18859B462C0877A700783F61 /* Release */,
			);
			defaultConfigurationIsVisible = 0;
			defaultConfigurationName = Release;
		};
		18859B472C0877A700783F61 /* Build configuration list for PBXNativeTarget "TodoMacRepertorieTests" */ = {
			isa = XCConfigurationList;
			buildConfigurations = (
				18859B482C0877A700783F61 /* Debug */,
				18859B492C0877A700783F61 /* Release */,
			);
			defaultConfigurationIsVisible = 0;
			defaultConfigurationName = Release;
		};
		18859B4A2C0877A700783F61 /* Build configuration list for PBXNativeTarget "TodoMacRepertorieUITests" */ = {
			isa = XCConfigurationList;
			buildConfigurations = (
				18859B4B2C0877A700783F61 /* Debug */,
				18859B4C2C0877A700783F61 /* Release */,
			);
			defaultConfigurationIsVisible = 0;
			defaultConfigurationName = Release;
		};
/* End XCConfigurationList section */

/* Begin XCRemoteSwiftPackageReference section */
		1862A6612C465A8E000ECBAE /* XCRemoteSwiftPackageReference "DynamicColor" */ = {
			isa = XCRemoteSwiftPackageReference;
			repositoryURL = "https://github.com/yannickl/DynamicColor.git";
			requirement = {
				kind = upToNextMajorVersion;
				minimumVersion = 5.0.1;
			};
		};
		186B06A32C91852B0097DD97 /* XCRemoteSwiftPackageReference "Alamofire" */ = {
			isa = XCRemoteSwiftPackageReference;
			repositoryURL = "https://github.com/Alamofire/Alamofire.git";
			requirement = {
				kind = upToNextMajorVersion;
				minimumVersion = 5.9.1;
			};
		};
/* End XCRemoteSwiftPackageReference section */

/* Begin XCSwiftPackageProductDependency section */
		1862A6662C4669FA000ECBAE /* DynamicColor */ = {
			isa = XCSwiftPackageProductDependency;
			package = 1862A6612C465A8E000ECBAE /* XCRemoteSwiftPackageReference "DynamicColor" */;
			productName = DynamicColor;
		};
		186B06A42C91852B0097DD97 /* Alamofire */ = {
			isa = XCSwiftPackageProductDependency;
			package = 186B06A32C91852B0097DD97 /* XCRemoteSwiftPackageReference "Alamofire" */;
			productName = Alamofire;
		};
/* End XCSwiftPackageProductDependency section */
	};
	rootObject = 18859B152C0877A300783F61 /* Project object */;
}
