// !$*UTF8*$!
{
	archiveVersion = 1;
	classes = {
	};
	objectVersion = 77;
	objects = {

/* Begin PBXBuildFile section */
		0D926C212E81649900859750 /* LunarSwift in Frameworks */ = {isa = PBXBuildFile; productRef = 0D926C202E81649900859750 /* LunarSwift */; };
		0D926C232E819C9A00859750 /* LunarSwift in Frameworks */ = {isa = PBXBuildFile; productRef = 0D926C222E819C9A00859750 /* LunarSwift */; };
		0D97A0E92E7025870018C27F /* AlertToast in Frameworks */ = {isa = PBXBuildFile; productRef = 0D97A0E82E7025870018C27F /* AlertToast */; };
		0D97A0EC2E7026630018C27F /* Qiniu in Frameworks */ = {isa = PBXBuildFile; productRef = 0D97A0EB2E7026630018C27F /* Qiniu */; };
		0DA3980B2DCAF25300D208A3 /* WidgetKit.framework in Frameworks */ = {isa = PBXBuildFile; fileRef = 0DA3980A2DCAF25300D208A3 /* WidgetKit.framework */; };
		0DA3980D2DCAF25300D208A3 /* SwiftUI.framework in Frameworks */ = {isa = PBXBuildFile; fileRef = 0DA3980C2DCAF25300D208A3 /* SwiftUI.framework */; };
		0DA3981B2DCAF25500D208A3 /* TDMacWidgetExtension.appex in Embed Foundation Extensions */ = {isa = PBXBuildFile; fileRef = 0DA398082DCAF25300D208A3 /* TDMacWidgetExtension.appex */; settings = {ATTRIBUTES = (RemoveHeadersOnCopy, ); }; };
		0DFD0A3B2E9F78EA00B06859 /* AAInfographics in Frameworks */ = {isa = PBXBuildFile; productRef = 0DFD0A3A2E9F78EA00B06859 /* AAInfographics */; };
/* End PBXBuildFile section */

/* Begin PBXContainerItemProxy section */
		0DA398192DCAF25500D208A3 /* PBXContainerItemProxy */ = {
			isa = PBXContainerItemProxy;
			containerPortal = AF7D0F132D1EC14D00F83EB9 /* Project object */;
			proxyType = 1;
			remoteGlobalIDString = 0DA398072DCAF25300D208A3;
			remoteInfo = TDMacWidgetExtension;
		};
/* End PBXContainerItemProxy section */

/* Begin PBXCopyFilesBuildPhase section */
		0DA3981C2DCAF25500D208A3 /* Embed Foundation Extensions */ = {
			isa = PBXCopyFilesBuildPhase;
			buildActionMask = 2147483647;
			dstPath = "";
			dstSubfolderSpec = 13;
			files = (
				0DA3981B2DCAF25500D208A3 /* TDMacWidgetExtension.appex in Embed Foundation Extensions */,
			);
			name = "Embed Foundation Extensions";
			runOnlyForDeploymentPostprocessing = 0;
		};
		0DFD0A352E9F3C5600B06859 /* Embed Frameworks */ = {
			isa = PBXCopyFilesBuildPhase;
			buildActionMask = 2147483647;
			dstPath = "";
			dstSubfolderSpec = 10;
			files = (
			);
			name = "Embed Frameworks";
			runOnlyForDeploymentPostprocessing = 0;
		};
/* End PBXCopyFilesBuildPhase section */

/* Begin PBXFileReference section */
		0DA398082DCAF25300D208A3 /* TDMacWidgetExtension.appex */ = {isa = PBXFileReference; explicitFileType = "wrapper.app-extension"; includeInIndex = 0; path = TDMacWidgetExtension.appex; sourceTree = BUILT_PRODUCTS_DIR; };
		0DA3980A2DCAF25300D208A3 /* WidgetKit.framework */ = {isa = PBXFileReference; lastKnownFileType = wrapper.framework; name = WidgetKit.framework; path = System/Library/Frameworks/WidgetKit.framework; sourceTree = SDKROOT; };
		0DA3980C2DCAF25300D208A3 /* SwiftUI.framework */ = {isa = PBXFileReference; lastKnownFileType = wrapper.framework; name = SwiftUI.framework; path = System/Library/Frameworks/SwiftUI.framework; sourceTree = SDKROOT; };
		AF7D0F1B2D1EC14D00F83EB9 /* TodoMacRepertorie.app */ = {isa = PBXFileReference; explicitFileType = wrapper.application; includeInIndex = 0; path = TodoMacRepertorie.app; sourceTree = BUILT_PRODUCTS_DIR; };
/* End PBXFileReference section */

/* Begin PBXFileSystemSynchronizedBuildFileExceptionSet section */
		0DA398202DCAF25500D208A3 /* Exceptions for "TDMacWidget" folder in "TDMacWidgetExtension" target */ = {
			isa = PBXFileSystemSynchronizedBuildFileExceptionSet;
			membershipExceptions = (
				Info.plist,
			);
			target = 0DA398072DCAF25300D208A3 /* TDMacWidgetExtension */;
		};
		0DA398222DCAF2C700D208A3 /* Exceptions for "TodoMacRepertorie" folder in "TDMacWidgetExtension" target */ = {
			isa = PBXFileSystemSynchronizedBuildFileExceptionSet;
			membershipExceptions = (
				"/Localized: SupportingFiles(源文件)/Localizable(国际化适配)/Localizable.strings",
				"SupportingFiles(源文件)/Assets.xcassets",
				"SupportingFiles(源文件)/ImageAssets/ImageAssets.xcassets",
				"TDCategory(类的扩展)/Color-Extension(颜色)/Color-Extension.swift",
				"TDCategory(类的扩展)/Date-Extension(日期)/Date-Extension.swift",
				"TDCategory(类的扩展)/Image-Extension(图片)/Image-Extension.swift",
				"TDCategory(类的扩展)/Notification-Extension(通知)/Notification-Extension.swift",
				"TDCategory(类的扩展)/NSAppearance-Extension(系统)/NSAppearance-Extension.swift",
				"TDCategory(类的扩展)/String-Extension(字符串)/String-Extension.swift",
				"TDCategory(类的扩展)/View-Extension(视图)/View-Extension.swift",
				"TDCountdown(倒计时)/TDCountdownManager(倒计时配置)/TDCountdownAPI.swift",
				"TDCountdown(倒计时)/TDCountdownManager(倒计时配置)/TDCountdownManager.swift",
				"TDLogin(登录)/model/TDLoginAPI(登录接口调用)/TDLoginAPI.swift",
				"TDLogin(登录)/model/TDUserModel(用户信息)/TDUserModel.swift",
				"TDLogin(登录)/view/TDLoginRuleView.swift",
				"TDLogin(登录)/view/TDTextFieldView.swift",
				"TDLogin(登录)/viewModel/TDLoginViewModel.swift",
				"TDMainView(主视图)/view/TDFocusView(专注)/model/TDTomatoRecordModel.swift",
				"TDManager(共用)/TDAppConfig(App设置)/TDAppConfig.swift",
				"TDManager(共用)/TDCalendarService(本地日历)/TDCalendarService.swift",
				"TDManager(共用)/TDCalendarService(本地日历)/TDLunarCalendar.swift",
				"TDManager(共用)/TDCategoryManager(分类清单)/TDCategoryManager.swift",
				"TDManager(共用)/TDConfigManager(App配置信息)/TDConfigAPI.swift",
				"TDManager(共用)/TDConfigManager(App配置信息)/TDConfigManager.swift",
				"TDManager(共用)/TDDeviceManager(设备信息)/TDDeviceManager.swift",
				"TDManager(共用)/TDHoliday(法定节假日)/TDHolidayAPI.swift",
				"TDManager(共用)/TDHoliday(法定节假日)/TDHolidayManager.swift",
				"TDManager(共用)/TDModelContainer(swiftData容器共用)/TDModelContainer.swift",
				"TDManager(共用)/TDNetworkManager(网络请求)/TDNetworkManager.swift",
				"TDManager(共用)/TDNetworkManager(网络请求)/TDNetworkModels.swift",
				"TDManager(共用)/TDQueryConditionManager(数据库查询条件)/TDCorrectQueryBuilder.swift",
				"TDManager(共用)/TDQueryConditionManager(数据库查询条件)/TDQueryConditionManager.swift",
				"TDManager(共用)/TDSettingManager(设置)/TDSettingEnum.swift",
				"TDManager(共用)/TDSettingManager(设置)/TDSettingManager.swift",
				"TDManager(共用)/TDSwiftJsonUtil(Json数据转换)/TDSwiftJsonUtil.swift",
				"TDManager(共用)/TDTagIndexService(标签操作数据库)/TDTagIndexService.swift",
				"TDManager(共用)/TDThemeManager(主题颜色)/TDThemeColorBase.swift",
				"TDManager(共用)/TDThemeManager(主题颜色)/TDThemeManager.swift",
				"TDManager(共用)/TDUser(用户信息)/TDAvatarManager(头像缓存)/TDAvatarManager.swift",
				"TDManager(共用)/TDUser(用户信息)/TDKeychainManager(用户信息缓存)/TDKeychainManager.swift",
				"TDManager(共用)/TDUser(用户信息)/TDUserManager(用户信息获取操作)/TDUserManager.swift",
				"TDManager(共用)/TDUser(用户信息)/TDUserSyncManager(用户同步)/TDUserSyncManager.swift",
				"TDSlider(侧边栏)/model/TDCategoryAPI.swift",
				"TDSlider(侧边栏)/model/TDSliderBarModel.swift",
				"TDTask(任务列表)/model/TDDateManager.swift",
				"TDTask(任务列表)/model/TDGetCurrentVersionModel.swift",
				"TDTask(任务列表)/model/TDMacSwiftDataListModel.swift",
				"TDTask(任务列表)/model/TDMacTaskPredicateBuilder.swift",
				"TDTask(任务列表)/model/TDMacTaskService.swift",
				"TDTask(任务列表)/model/TDTagModel(标签数据本地数据库)/TDTagModel.swift",
				"TDTask(任务列表)/model/TDTaskAPI.swift",
				"TDTask(任务列表)/model/TDTaskModel.swift",
				"TDTask(任务列表)/view/TDCustomDatePickerView.swift",
				"TDTask(任务列表)/view/TDScheduleOverviewView(日程概览)/model/TDCalendarDateModel.swift",
				"TDTask(任务列表)/view/TDTaskGroupHeader.swift",
				"TDTask(任务列表)/viewModel/TDMacListViewModel.swift",
				"TDTask(任务列表)/viewModel/TDTaskGroupModel.swift",
				"TDTomatoManager(番茄计时数据)/TDTomatoAPI.swift",
				"TDTomatoManager(番茄计时数据)/TDTomatoManager.swift",
				"TDVipManager(Vip 管理器)/TDVipAPI.swift",
				"TDVipManager(Vip 管理器)/TDVipManager.swift",
			);
			target = 0DA398072DCAF25300D208A3 /* TDMacWidgetExtension */;
		};
		AF9055CA2D3E37030037A3A7 /* Exceptions for "TodoMacRepertorie" folder in "TodoMacRepertorie" target */ = {
			isa = PBXFileSystemSynchronizedBuildFileExceptionSet;
			membershipExceptions = (
				Info.plist,
			);
			target = AF7D0F1A2D1EC14D00F83EB9 /* TodoMacRepertorie */;
		};
/* End PBXFileSystemSynchronizedBuildFileExceptionSet section */

/* Begin PBXFileSystemSynchronizedRootGroup section */
		0DA3980E2DCAF25300D208A3 /* TDMacWidget */ = {
			isa = PBXFileSystemSynchronizedRootGroup;
			exceptions = (
				0DA398202DCAF25500D208A3 /* Exceptions for "TDMacWidget" folder in "TDMacWidgetExtension" target */,
			);
			path = TDMacWidget;
			sourceTree = "<group>";
		};
		AF7D0F1D2D1EC14D00F83EB9 /* TodoMacRepertorie */ = {
			isa = PBXFileSystemSynchronizedRootGroup;
			exceptions = (
				AF9055CA2D3E37030037A3A7 /* Exceptions for "TodoMacRepertorie" folder in "TodoMacRepertorie" target */,
				0DA398222DCAF2C700D208A3 /* Exceptions for "TodoMacRepertorie" folder in "TDMacWidgetExtension" target */,
			);
			path = TodoMacRepertorie;
			sourceTree = "<group>";
		};
/* End PBXFileSystemSynchronizedRootGroup section */

/* Begin PBXFrameworksBuildPhase section */
		0DA398052DCAF25300D208A3 /* Frameworks */ = {
			isa = PBXFrameworksBuildPhase;
			buildActionMask = 2147483647;
			files = (
				0DA3980D2DCAF25300D208A3 /* SwiftUI.framework in Frameworks */,
				0DA3980B2DCAF25300D208A3 /* WidgetKit.framework in Frameworks */,
				0D926C232E819C9A00859750 /* LunarSwift in Frameworks */,
			);
			runOnlyForDeploymentPostprocessing = 0;
		};
		AF7D0F182D1EC14D00F83EB9 /* Frameworks */ = {
			isa = PBXFrameworksBuildPhase;
			buildActionMask = 2147483647;
			files = (
				0D97A0E92E7025870018C27F /* AlertToast in Frameworks */,
				0DFD0A3B2E9F78EA00B06859 /* AAInfographics in Frameworks */,
				0D97A0EC2E7026630018C27F /* Qiniu in Frameworks */,
				0D926C212E81649900859750 /* LunarSwift in Frameworks */,
			);
			runOnlyForDeploymentPostprocessing = 0;
		};
/* End PBXFrameworksBuildPhase section */

/* Begin PBXGroup section */
		0DA398092DCAF25300D208A3 /* Frameworks */ = {
			isa = PBXGroup;
			children = (
				0DA3980A2DCAF25300D208A3 /* WidgetKit.framework */,
				0DA3980C2DCAF25300D208A3 /* SwiftUI.framework */,
			);
			name = Frameworks;
			sourceTree = "<group>";
		};
		AF7D0F122D1EC14D00F83EB9 = {
			isa = PBXGroup;
			children = (
				AF7D0F1D2D1EC14D00F83EB9 /* TodoMacRepertorie */,
				0DA3980E2DCAF25300D208A3 /* TDMacWidget */,
				0DA398092DCAF25300D208A3 /* Frameworks */,
				AF7D0F1C2D1EC14D00F83EB9 /* Products */,
			);
			sourceTree = "<group>";
		};
		AF7D0F1C2D1EC14D00F83EB9 /* Products */ = {
			isa = PBXGroup;
			children = (
				AF7D0F1B2D1EC14D00F83EB9 /* TodoMacRepertorie.app */,
				0DA398082DCAF25300D208A3 /* TDMacWidgetExtension.appex */,
			);
			name = Products;
			sourceTree = "<group>";
		};
/* End PBXGroup section */

/* Begin PBXNativeTarget section */
		0DA398072DCAF25300D208A3 /* TDMacWidgetExtension */ = {
			isa = PBXNativeTarget;
			buildConfigurationList = 0DA3981F2DCAF25500D208A3 /* Build configuration list for PBXNativeTarget "TDMacWidgetExtension" */;
			buildPhases = (
				0DA398042DCAF25300D208A3 /* Sources */,
				0DA398052DCAF25300D208A3 /* Frameworks */,
				0DA398062DCAF25300D208A3 /* Resources */,
			);
			buildRules = (
			);
			dependencies = (
			);
			fileSystemSynchronizedGroups = (
				0DA3980E2DCAF25300D208A3 /* TDMacWidget */,
			);
			name = TDMacWidgetExtension;
			packageProductDependencies = (
				0D926C222E819C9A00859750 /* LunarSwift */,
			);
			productName = TDMacWidgetExtension;
			productReference = 0DA398082DCAF25300D208A3 /* TDMacWidgetExtension.appex */;
			productType = "com.apple.product-type.app-extension";
		};
		AF7D0F1A2D1EC14D00F83EB9 /* TodoMacRepertorie */ = {
			isa = PBXNativeTarget;
			buildConfigurationList = AF7D0F2C2D1EC15000F83EB9 /* Build configuration list for PBXNativeTarget "TodoMacRepertorie" */;
			buildPhases = (
				AF7D0F172D1EC14D00F83EB9 /* Sources */,
				AF7D0F182D1EC14D00F83EB9 /* Frameworks */,
				AF7D0F192D1EC14D00F83EB9 /* Resources */,
				0DA3981C2DCAF25500D208A3 /* Embed Foundation Extensions */,
				0DFD0A352E9F3C5600B06859 /* Embed Frameworks */,
			);
			buildRules = (
			);
			dependencies = (
				0DA3981A2DCAF25500D208A3 /* PBXTargetDependency */,
			);
			fileSystemSynchronizedGroups = (
				AF7D0F1D2D1EC14D00F83EB9 /* TodoMacRepertorie */,
			);
			name = TodoMacRepertorie;
			packageProductDependencies = (
				0D97A0E82E7025870018C27F /* AlertToast */,
				0D97A0EB2E7026630018C27F /* Qiniu */,
				0D926C202E81649900859750 /* LunarSwift */,
				0DFD0A3A2E9F78EA00B06859 /* AAInfographics */,
			);
			productName = TodoMacRepertorie;
			productReference = AF7D0F1B2D1EC14D00F83EB9 /* TodoMacRepertorie.app */;
			productType = "com.apple.product-type.application";
		};
/* End PBXNativeTarget section */

/* Begin PBXProject section */
		AF7D0F132D1EC14D00F83EB9 /* Project object */ = {
			isa = PBXProject;
			attributes = {
				BuildIndependentTargetsInParallel = 1;
				LastSwiftUpdateCheck = 1620;
				LastUpgradeCheck = 1620;
				TargetAttributes = {
					0DA398072DCAF25300D208A3 = {
						CreatedOnToolsVersion = 16.2;
					};
					AF7D0F1A2D1EC14D00F83EB9 = {
						CreatedOnToolsVersion = 16.2;
					};
				};
			};
			buildConfigurationList = AF7D0F162D1EC14D00F83EB9 /* Build configuration list for PBXProject "TodoMacRepertorie" */;
			developmentRegion = en;
			hasScannedForEncodings = 0;
			knownRegions = (
				en,
				Base,
				"zh-Hans",
			);
			mainGroup = AF7D0F122D1EC14D00F83EB9;
			minimizedProjectReferenceProxies = 1;
			packageReferences = (
				0D97A0E72E7025870018C27F /* XCRemoteSwiftPackageReference "AlertToast" */,
				0D97A0EA2E7026630018C27F /* XCRemoteSwiftPackageReference "objc-sdk" */,
				0D926C1F2E81649900859750 /* XCRemoteSwiftPackageReference "lunar-swift" */,
				0DFD0A392E9F78EA00B06859 /* XCRemoteSwiftPackageReference "AAChartKit-Swift" */,
			);
			preferredProjectObjectVersion = 77;
			productRefGroup = AF7D0F1C2D1EC14D00F83EB9 /* Products */;
			projectDirPath = "";
			projectRoot = "";
			targets = (
				AF7D0F1A2D1EC14D00F83EB9 /* TodoMacRepertorie */,
				0DA398072DCAF25300D208A3 /* TDMacWidgetExtension */,
			);
		};
/* End PBXProject section */

/* Begin PBXResourcesBuildPhase section */
		0DA398062DCAF25300D208A3 /* Resources */ = {
			isa = PBXResourcesBuildPhase;
			buildActionMask = 2147483647;
			files = (
			);
			runOnlyForDeploymentPostprocessing = 0;
		};
		AF7D0F192D1EC14D00F83EB9 /* Resources */ = {
			isa = PBXResourcesBuildPhase;
			buildActionMask = 2147483647;
			files = (
			);
			runOnlyForDeploymentPostprocessing = 0;
		};
/* End PBXResourcesBuildPhase section */

/* Begin PBXSourcesBuildPhase section */
		0DA398042DCAF25300D208A3 /* Sources */ = {
			isa = PBXSourcesBuildPhase;
			buildActionMask = 2147483647;
			files = (
			);
			runOnlyForDeploymentPostprocessing = 0;
		};
		AF7D0F172D1EC14D00F83EB9 /* Sources */ = {
			isa = PBXSourcesBuildPhase;
			buildActionMask = 2147483647;
			files = (
			);
			runOnlyForDeploymentPostprocessing = 0;
		};
/* End PBXSourcesBuildPhase section */

/* Begin PBXTargetDependency section */
		0DA3981A2DCAF25500D208A3 /* PBXTargetDependency */ = {
			isa = PBXTargetDependency;
			target = 0DA398072DCAF25300D208A3 /* TDMacWidgetExtension */;
			targetProxy = 0DA398192DCAF25500D208A3 /* PBXContainerItemProxy */;
		};
/* End PBXTargetDependency section */

/* Begin XCBuildConfiguration section */
		0DA3981D2DCAF25500D208A3 /* Debug */ = {
			isa = XCBuildConfiguration;
			buildSettings = {
				ASSETCATALOG_COMPILER_GLOBAL_ACCENT_COLOR_NAME = AccentColor;
				ASSETCATALOG_COMPILER_WIDGET_BACKGROUND_COLOR_NAME = WidgetBackground;
				CODE_SIGN_ENTITLEMENTS = TDMacWidget/TDMacWidget.entitlements;
				CODE_SIGN_IDENTITY = "Apple Development";
				"CODE_SIGN_IDENTITY[sdk=macosx*]" = "Apple Development";
				CODE_SIGN_STYLE = Automatic;
				CURRENT_PROJECT_VERSION = 1;
				DEVELOPMENT_TEAM = ARQ4QZ8Q3D;
				ENABLE_HARDENED_RUNTIME = YES;
				GENERATE_INFOPLIST_FILE = YES;
				INFOPLIST_FILE = TDMacWidget/Info.plist;
				INFOPLIST_KEY_CFBundleDisplayName = TDMacWidget;
				INFOPLIST_KEY_NSHumanReadableCopyright = "";
				LD_RUNPATH_SEARCH_PATHS = (
					"$(inherited)",
					"@executable_path/../Frameworks",
					"@executable_path/../../../../Frameworks",
				);
				MACOSX_DEPLOYMENT_TARGET = 14.0;
				MARKETING_VERSION = 1.0;
				PRODUCT_BUNDLE_IDENTIFIER = com.Mac.Todolist.TodoMacRepertorie.TDMacWidget;
				PRODUCT_NAME = "$(TARGET_NAME)";
				SKIP_INSTALL = YES;
				SWIFT_EMIT_LOC_STRINGS = YES;
				SWIFT_VERSION = 5.0;
			};
			name = Debug;
		};
		0DA3981E2DCAF25500D208A3 /* Release */ = {
			isa = XCBuildConfiguration;
			buildSettings = {
				ASSETCATALOG_COMPILER_GLOBAL_ACCENT_COLOR_NAME = AccentColor;
				ASSETCATALOG_COMPILER_WIDGET_BACKGROUND_COLOR_NAME = WidgetBackground;
				CODE_SIGN_ENTITLEMENTS = TDMacWidget/TDMacWidget.entitlements;
				CODE_SIGN_IDENTITY = "Apple Development";
				"CODE_SIGN_IDENTITY[sdk=macosx*]" = "Apple Development";
				CODE_SIGN_STYLE = Automatic;
				CURRENT_PROJECT_VERSION = 1;
				DEVELOPMENT_TEAM = ARQ4QZ8Q3D;
				ENABLE_HARDENED_RUNTIME = YES;
				GENERATE_INFOPLIST_FILE = YES;
				INFOPLIST_FILE = TDMacWidget/Info.plist;
				INFOPLIST_KEY_CFBundleDisplayName = TDMacWidget;
				INFOPLIST_KEY_NSHumanReadableCopyright = "";
				LD_RUNPATH_SEARCH_PATHS = (
					"$(inherited)",
					"@executable_path/../Frameworks",
					"@executable_path/../../../../Frameworks",
				);
				MACOSX_DEPLOYMENT_TARGET = 14.0;
				MARKETING_VERSION = 1.0;
				PRODUCT_BUNDLE_IDENTIFIER = com.Mac.Todolist.TodoMacRepertorie.TDMacWidget;
				PRODUCT_NAME = "$(TARGET_NAME)";
				SKIP_INSTALL = YES;
				SWIFT_EMIT_LOC_STRINGS = YES;
				SWIFT_VERSION = 5.0;
			};
			name = Release;
		};
		AF7D0F2A2D1EC15000F83EB9 /* Debug */ = {
			isa = XCBuildConfiguration;
			buildSettings = {
				ALWAYS_SEARCH_USER_PATHS = NO;
				ASSETCATALOG_COMPILER_GENERATE_SWIFT_ASSET_SYMBOL_EXTENSIONS = YES;
				CLANG_ANALYZER_LOCALIZABILITY_NONLOCALIZED = YES;
				CLANG_ANALYZER_NONNULL = YES;
				CLANG_ANALYZER_NUMBER_OBJECT_CONVERSION = YES_AGGRESSIVE;
				CLANG_CXX_LANGUAGE_STANDARD = "gnu++20";
				CLANG_ENABLE_MODULES = YES;
				CLANG_ENABLE_OBJC_ARC = YES;
				CLANG_ENABLE_OBJC_WEAK = YES;
				CLANG_WARN_BLOCK_CAPTURE_AUTORELEASING = YES;
				CLANG_WARN_BOOL_CONVERSION = YES;
				CLANG_WARN_COMMA = YES;
				CLANG_WARN_CONSTANT_CONVERSION = YES;
				CLANG_WARN_DEPRECATED_OBJC_IMPLEMENTATIONS = YES;
				CLANG_WARN_DIRECT_OBJC_ISA_USAGE = YES_ERROR;
				CLANG_WARN_DOCUMENTATION_COMMENTS = YES;
				CLANG_WARN_EMPTY_BODY = YES;
				CLANG_WARN_ENUM_CONVERSION = YES;
				CLANG_WARN_INFINITE_RECURSION = YES;
				CLANG_WARN_INT_CONVERSION = YES;
				CLANG_WARN_NON_LITERAL_NULL_CONVERSION = YES;
				CLANG_WARN_OBJC_IMPLICIT_RETAIN_SELF = YES;
				CLANG_WARN_OBJC_LITERAL_CONVERSION = YES;
				CLANG_WARN_OBJC_ROOT_CLASS = YES_ERROR;
				CLANG_WARN_QUOTED_INCLUDE_IN_FRAMEWORK_HEADER = YES;
				CLANG_WARN_RANGE_LOOP_ANALYSIS = YES;
				CLANG_WARN_STRICT_PROTOTYPES = YES;
				CLANG_WARN_SUSPICIOUS_MOVE = YES;
				CLANG_WARN_UNGUARDED_AVAILABILITY = YES_AGGRESSIVE;
				CLANG_WARN_UNREACHABLE_CODE = YES;
				CLANG_WARN__DUPLICATE_METHOD_MATCH = YES;
				COPY_PHASE_STRIP = NO;
				DEBUG_INFORMATION_FORMAT = dwarf;
				ENABLE_STRICT_OBJC_MSGSEND = YES;
				ENABLE_TESTABILITY = YES;
				ENABLE_USER_SCRIPT_SANDBOXING = YES;
				GCC_C_LANGUAGE_STANDARD = gnu17;
				GCC_DYNAMIC_NO_PIC = NO;
				GCC_NO_COMMON_BLOCKS = YES;
				GCC_OPTIMIZATION_LEVEL = 0;
				GCC_PREPROCESSOR_DEFINITIONS = (
					"DEBUG=1",
					"$(inherited)",
				);
				GCC_WARN_64_TO_32_BIT_CONVERSION = YES;
				GCC_WARN_ABOUT_RETURN_TYPE = YES_ERROR;
				GCC_WARN_UNDECLARED_SELECTOR = YES;
				GCC_WARN_UNINITIALIZED_AUTOS = YES_AGGRESSIVE;
				GCC_WARN_UNUSED_FUNCTION = YES;
				GCC_WARN_UNUSED_VARIABLE = YES;
				LOCALIZATION_PREFERS_STRING_CATALOGS = YES;
				MACOSX_DEPLOYMENT_TARGET = 15.1;
				MTL_ENABLE_DEBUG_INFO = INCLUDE_SOURCE;
				MTL_FAST_MATH = YES;
				ONLY_ACTIVE_ARCH = YES;
				SDKROOT = macosx;
				SWIFT_ACTIVE_COMPILATION_CONDITIONS = "DEBUG $(inherited)";
				SWIFT_OPTIMIZATION_LEVEL = "-Onone";
			};
			name = Debug;
		};
		AF7D0F2B2D1EC15000F83EB9 /* Release */ = {
			isa = XCBuildConfiguration;
			buildSettings = {
				ALWAYS_SEARCH_USER_PATHS = NO;
				ASSETCATALOG_COMPILER_GENERATE_SWIFT_ASSET_SYMBOL_EXTENSIONS = YES;
				CLANG_ANALYZER_LOCALIZABILITY_NONLOCALIZED = YES;
				CLANG_ANALYZER_NONNULL = YES;
				CLANG_ANALYZER_NUMBER_OBJECT_CONVERSION = YES_AGGRESSIVE;
				CLANG_CXX_LANGUAGE_STANDARD = "gnu++20";
				CLANG_ENABLE_MODULES = YES;
				CLANG_ENABLE_OBJC_ARC = YES;
				CLANG_ENABLE_OBJC_WEAK = YES;
				CLANG_WARN_BLOCK_CAPTURE_AUTORELEASING = YES;
				CLANG_WARN_BOOL_CONVERSION = YES;
				CLANG_WARN_COMMA = YES;
				CLANG_WARN_CONSTANT_CONVERSION = YES;
				CLANG_WARN_DEPRECATED_OBJC_IMPLEMENTATIONS = YES;
				CLANG_WARN_DIRECT_OBJC_ISA_USAGE = YES_ERROR;
				CLANG_WARN_DOCUMENTATION_COMMENTS = YES;
				CLANG_WARN_EMPTY_BODY = YES;
				CLANG_WARN_ENUM_CONVERSION = YES;
				CLANG_WARN_INFINITE_RECURSION = YES;
				CLANG_WARN_INT_CONVERSION = YES;
				CLANG_WARN_NON_LITERAL_NULL_CONVERSION = YES;
				CLANG_WARN_OBJC_IMPLICIT_RETAIN_SELF = YES;
				CLANG_WARN_OBJC_LITERAL_CONVERSION = YES;
				CLANG_WARN_OBJC_ROOT_CLASS = YES_ERROR;
				CLANG_WARN_QUOTED_INCLUDE_IN_FRAMEWORK_HEADER = YES;
				CLANG_WARN_RANGE_LOOP_ANALYSIS = YES;
				CLANG_WARN_STRICT_PROTOTYPES = YES;
				CLANG_WARN_SUSPICIOUS_MOVE = YES;
				CLANG_WARN_UNGUARDED_AVAILABILITY = YES_AGGRESSIVE;
				CLANG_WARN_UNREACHABLE_CODE = YES;
				CLANG_WARN__DUPLICATE_METHOD_MATCH = YES;
				COPY_PHASE_STRIP = NO;
				DEBUG_INFORMATION_FORMAT = "dwarf-with-dsym";
				ENABLE_NS_ASSERTIONS = NO;
				ENABLE_STRICT_OBJC_MSGSEND = YES;
				ENABLE_USER_SCRIPT_SANDBOXING = YES;
				GCC_C_LANGUAGE_STANDARD = gnu17;
				GCC_NO_COMMON_BLOCKS = YES;
				GCC_WARN_64_TO_32_BIT_CONVERSION = YES;
				GCC_WARN_ABOUT_RETURN_TYPE = YES_ERROR;
				GCC_WARN_UNDECLARED_SELECTOR = YES;
				GCC_WARN_UNINITIALIZED_AUTOS = YES_AGGRESSIVE;
				GCC_WARN_UNUSED_FUNCTION = YES;
				GCC_WARN_UNUSED_VARIABLE = YES;
				LOCALIZATION_PREFERS_STRING_CATALOGS = YES;
				MACOSX_DEPLOYMENT_TARGET = 15.1;
				MTL_ENABLE_DEBUG_INFO = NO;
				MTL_FAST_MATH = YES;
				SDKROOT = macosx;
				SWIFT_COMPILATION_MODE = wholemodule;
			};
			name = Release;
		};
		AF7D0F2D2D1EC15000F83EB9 /* Debug */ = {
			isa = XCBuildConfiguration;
			buildSettings = {
				ASSETCATALOG_COMPILER_APPICON_NAME = AppIcon;
				ASSETCATALOG_COMPILER_GLOBAL_ACCENT_COLOR_NAME = AccentColor;
				ASSETCATALOG_COMPILER_INCLUDE_ALL_APPICON_ASSETS = YES;
				CODE_SIGN_ENTITLEMENTS = TodoMacRepertorie/TodoMacRepertorie.entitlements;
				CODE_SIGN_IDENTITY = "Apple Development";
				"CODE_SIGN_IDENTITY[sdk=macosx*]" = "Apple Development";
				CODE_SIGN_STYLE = Automatic;
				COMBINE_HIDPI_IMAGES = YES;
				CURRENT_PROJECT_VERSION = 1;
				DEVELOPMENT_ASSET_PATHS = "\"$(SRCROOT)/TodoMacRepertorie/SupportingFiles(源文件)/Assets.xcassets\"";
				DEVELOPMENT_TEAM = ARQ4QZ8Q3D;
				ENABLE_HARDENED_RUNTIME = YES;
				ENABLE_PREVIEWS = YES;
				GENERATE_INFOPLIST_FILE = YES;
				INFOPLIST_FILE = TodoMacRepertorie/Info.plist;
				INFOPLIST_KEY_CFBundleDisplayName = "Todo清单";
				INFOPLIST_KEY_NSCalendarsUsageDescription = "需要访问日历以添加任务提醒";
				INFOPLIST_KEY_NSHumanReadableCopyright = "";
				LD_RUNPATH_SEARCH_PATHS = (
					"$(inherited)",
					"@executable_path/../Frameworks",
				);
				MACOSX_DEPLOYMENT_TARGET = 15.0;
				MARKETING_VERSION = 3.75;
				PRODUCT_BUNDLE_IDENTIFIER = com.Mac.Todolist.TodoMacRepertorie;
				PRODUCT_NAME = "$(TARGET_NAME)";
				PROVISIONING_PROFILE_SPECIFIER = "";
				SWIFT_EMIT_LOC_STRINGS = YES;
				SWIFT_VERSION = 5.0;
			};
			name = Debug;
		};
		AF7D0F2E2D1EC15000F83EB9 /* Release */ = {
			isa = XCBuildConfiguration;
			buildSettings = {
				ASSETCATALOG_COMPILER_APPICON_NAME = AppIcon;
				ASSETCATALOG_COMPILER_GLOBAL_ACCENT_COLOR_NAME = AccentColor;
				ASSETCATALOG_COMPILER_INCLUDE_ALL_APPICON_ASSETS = YES;
				CODE_SIGN_ENTITLEMENTS = TodoMacRepertorie/TodoMacRepertorie.entitlements;
				CODE_SIGN_IDENTITY = "Apple Development";
				"CODE_SIGN_IDENTITY[sdk=macosx*]" = "Apple Development";
				CODE_SIGN_STYLE = Automatic;
				COMBINE_HIDPI_IMAGES = YES;
				CURRENT_PROJECT_VERSION = 1;
				DEVELOPMENT_ASSET_PATHS = "\"$(SRCROOT)/TodoMacRepertorie/SupportingFiles(源文件)/Assets.xcassets\"";
				DEVELOPMENT_TEAM = ARQ4QZ8Q3D;
				ENABLE_HARDENED_RUNTIME = YES;
				ENABLE_PREVIEWS = YES;
				GENERATE_INFOPLIST_FILE = YES;
				INFOPLIST_FILE = TodoMacRepertorie/Info.plist;
				INFOPLIST_KEY_CFBundleDisplayName = "Todo清单";
				INFOPLIST_KEY_NSCalendarsUsageDescription = "需要访问日历以添加任务提醒";
				INFOPLIST_KEY_NSHumanReadableCopyright = "";
				LD_RUNPATH_SEARCH_PATHS = (
					"$(inherited)",
					"@executable_path/../Frameworks",
				);
				MACOSX_DEPLOYMENT_TARGET = 15.0;
				MARKETING_VERSION = 3.75;
				PRODUCT_BUNDLE_IDENTIFIER = com.Mac.Todolist.TodoMacRepertorie;
				PRODUCT_NAME = "$(TARGET_NAME)";
				PROVISIONING_PROFILE_SPECIFIER = "";
				SWIFT_EMIT_LOC_STRINGS = YES;
				SWIFT_VERSION = 5.0;
			};
			name = Release;
		};
/* End XCBuildConfiguration section */

/* Begin XCConfigurationList section */
		0DA3981F2DCAF25500D208A3 /* Build configuration list for PBXNativeTarget "TDMacWidgetExtension" */ = {
			isa = XCConfigurationList;
			buildConfigurations = (
				0DA3981D2DCAF25500D208A3 /* Debug */,
				0DA3981E2DCAF25500D208A3 /* Release */,
			);
			defaultConfigurationIsVisible = 0;
			defaultConfigurationName = Release;
		};
		AF7D0F162D1EC14D00F83EB9 /* Build configuration list for PBXProject "TodoMacRepertorie" */ = {
			isa = XCConfigurationList;
			buildConfigurations = (
				AF7D0F2A2D1EC15000F83EB9 /* Debug */,
				AF7D0F2B2D1EC15000F83EB9 /* Release */,
			);
			defaultConfigurationIsVisible = 0;
			defaultConfigurationName = Release;
		};
		AF7D0F2C2D1EC15000F83EB9 /* Build configuration list for PBXNativeTarget "TodoMacRepertorie" */ = {
			isa = XCConfigurationList;
			buildConfigurations = (
				AF7D0F2D2D1EC15000F83EB9 /* Debug */,
				AF7D0F2E2D1EC15000F83EB9 /* Release */,
			);
			defaultConfigurationIsVisible = 0;
			defaultConfigurationName = Release;
		};
/* End XCConfigurationList section */

/* Begin XCRemoteSwiftPackageReference section */
		0D926C1F2E81649900859750 /* XCRemoteSwiftPackageReference "lunar-swift" */ = {
			isa = XCRemoteSwiftPackageReference;
			repositoryURL = "https://github.com/6tail/lunar-swift.git";
			requirement = {
				kind = upToNextMajorVersion;
				minimumVersion = 1.1.5;
			};
		};
		0D97A0E72E7025870018C27F /* XCRemoteSwiftPackageReference "AlertToast" */ = {
			isa = XCRemoteSwiftPackageReference;
			repositoryURL = "https://github.com/elai950/AlertToast.git";
			requirement = {
				kind = upToNextMajorVersion;
				minimumVersion = 1.3.9;
			};
		};
		0D97A0EA2E7026630018C27F /* XCRemoteSwiftPackageReference "objc-sdk" */ = {
			isa = XCRemoteSwiftPackageReference;
			repositoryURL = "https://github.com/qiniu/objc-sdk";
			requirement = {
				branch = master;
				kind = branch;
			};
		};
		0DFD0A392E9F78EA00B06859 /* XCRemoteSwiftPackageReference "AAChartKit-Swift" */ = {
			isa = XCRemoteSwiftPackageReference;
			repositoryURL = "https://github.com/AAChartModel/AAChartKit-Swift.git";
			requirement = {
				kind = upToNextMajorVersion;
				minimumVersion = 9.5.0;
			};
		};
/* End XCRemoteSwiftPackageReference section */

/* Begin XCSwiftPackageProductDependency section */
		0D926C202E81649900859750 /* LunarSwift */ = {
			isa = XCSwiftPackageProductDependency;
			package = 0D926C1F2E81649900859750 /* XCRemoteSwiftPackageReference "lunar-swift" */;
			productName = LunarSwift;
		};
		0D926C222E819C9A00859750 /* LunarSwift */ = {
			isa = XCSwiftPackageProductDependency;
			package = 0D926C1F2E81649900859750 /* XCRemoteSwiftPackageReference "lunar-swift" */;
			productName = LunarSwift;
		};
		0D97A0E82E7025870018C27F /* AlertToast */ = {
			isa = XCSwiftPackageProductDependency;
			package = 0D97A0E72E7025870018C27F /* XCRemoteSwiftPackageReference "AlertToast" */;
			productName = AlertToast;
		};
		0D97A0EB2E7026630018C27F /* Qiniu */ = {
			isa = XCSwiftPackageProductDependency;
			package = 0D97A0EA2E7026630018C27F /* XCRemoteSwiftPackageReference "objc-sdk" */;
			productName = Qiniu;
		};
		0DFD0A3A2E9F78EA00B06859 /* AAInfographics */ = {
			isa = XCSwiftPackageProductDependency;
			package = 0DFD0A392E9F78EA00B06859 /* XCRemoteSwiftPackageReference "AAChartKit-Swift" */;
			productName = AAInfographics;
		};
/* End XCSwiftPackageProductDependency section */
	};
	rootObject = AF7D0F132D1EC14D00F83EB9 /* Project object */;
}
